
Microsoft Visual Studio Solution File, Format Version 12.00
# Visual Studio Version 17
VisualStudioVersion = 17.1.32328.378
MinimumVisualStudioVersion = 10.0.40219.1
Project("{FAE04EC0-301F-11D3-BF4B-00C04F79EFBC}") = "Infa", "Infa\Infa.csproj", "{B3BD0782-69B8-49AD-B608-0597067F896E}"
EndProject
Global
	GlobalSection(SolutionConfigurationPlatforms) = preSolution
		Debug|Any CPU = Debug|Any CPU
		Release|Any CPU = Release|Any CPU
	EndGlobalSection
	GlobalSection(ProjectConfigurationPlatforms) = postSolution
		{B3BD0782-69B8-49AD-B608-0597067F896E}.Debug|Any CPU.ActiveCfg = Debug|Any CPU
		{B3BD0782-69B8-49AD-B608-0597067F896E}.Debug|Any CPU.Build.0 = Debug|Any CPU
		{B3BD0782-69B8-49AD-B608-0597067F896E}.Release|Any CPU.ActiveCfg = Release|Any CPU
		{B3BD0782-69B8-49AD-B608-0597067F896E}.Release|Any CPU.Build.0 = Release|Any CPU
	EndGlobalSection
	GlobalSection(SolutionProperties) = preSolution
		HideSolutionNode = FALSE
	EndGlobalSection
	GlobalSection(ExtensibilityGlobals) = postSolution
		SolutionGuid = {27D1D954-1F62-4BA9-9049-A54B078F402C}
	EndGlobalSection
EndGlobal
